
Microsoft Visual Studio Solution File, Format Version 12.00
# Visual Studio Version 17
VisualStudioVersion = 17.3.32819.101
MinimumVisualStudioVersion = 10.0.40219.1
Project("{FAE04EC0-301F-11D3-BF4B-00C04F79EFBC}") = "ConfigurationManager.API", "ConfigurationManager.API\ConfigurationManager.API.csproj", "{C8D36FB1-4343-463A-950E-E11D2022819C}"
EndProject
Project("{FAE04EC0-301F-11D3-BF4B-00C04F79EFBC}") = "ConfigurationManager.Test", "ConfigurationManager.Test\ConfigurationManager.Test.csproj", "{135D5962-4FE2-4B08-AF2C-08B2DCEE9D3B}"
EndProject
Global
	GlobalSection(SolutionConfigurationPlatforms) = preSolution
		Debug|Any CPU = Debug|Any CPU
		Release|Any CPU = Release|Any CPU
	EndGlobalSection
	GlobalSection(ProjectConfigurationPlatforms) = postSolution
		{C8D36FB1-4343-463A-950E-E11D2022819C}.Debug|Any CPU.ActiveCfg = Debug|Any CPU
		{C8D36FB1-4343-463A-950E-E11D2022819C}.Debug|Any CPU.Build.0 = Debug|Any CPU
		{C8D36FB1-4343-463A-950E-E11D2022819C}.Release|Any CPU.ActiveCfg = Release|Any CPU
		{C8D36FB1-4343-463A-950E-E11D2022819C}.Release|Any CPU.Build.0 = Release|Any CPU
		{135D5962-4FE2-4B08-AF2C-08B2DCEE9D3B}.Debug|Any CPU.ActiveCfg = Debug|Any CPU
		{135D5962-4FE2-4B08-AF2C-08B2DCEE9D3B}.Debug|Any CPU.Build.0 = Debug|Any CPU
		{135D5962-4FE2-4B08-AF2C-08B2DCEE9D3B}.Release|Any CPU.ActiveCfg = Release|Any CPU
		{135D5962-4FE2-4B08-AF2C-08B2DCEE9D3B}.Release|Any CPU.Build.0 = Release|Any CPU
	EndGlobalSection
	GlobalSection(SolutionProperties) = preSolution
		HideSolutionNode = FALSE
	EndGlobalSection
	GlobalSection(ExtensibilityGlobals) = postSolution
		SolutionGuid = {17B4B17F-A64C-4B8D-AD26-9A1FD0902D48}
	EndGlobalSection
EndGlobal
